
Microsoft Visual Studio Solution File, Format Version 12.00
# Visual Studio Version 16
VisualStudioVersion = 16.0.31205.134
MinimumVisualStudioVersion = 10.0.40219.1
Project("{FAE04EC0-301F-11D3-BF4B-00C04F79EFBC}") = "практика по методичке", "практика по методичке\практика по методичке.csproj", "{DBC3190D-8DAE-4CC6-B770-9BAA78247483}"
EndProject
Global
	GlobalSection(SolutionConfigurationPlatforms) = preSolution
		Debug|Any CPU = Debug|Any CPU
		Release|Any CPU = Release|Any CPU
	EndGlobalSection
	GlobalSection(ProjectConfigurationPlatforms) = postSolution
		{DBC3190D-8DAE-4CC6-B770-9BAA78247483}.Debug|Any CPU.ActiveCfg = Debug|Any CPU
		{DBC3190D-8DAE-4CC6-B770-9BAA78247483}.Debug|Any CPU.Build.0 = Debug|Any CPU
		{DBC3190D-8DAE-4CC6-B770-9BAA78247483}.Release|Any CPU.ActiveCfg = Release|Any CPU
		{DBC3190D-8DAE-4CC6-B770-9BAA78247483}.Release|Any CPU.Build.0 = Release|Any CPU
	EndGlobalSection
	GlobalSection(SolutionProperties) = preSolution
		HideSolutionNode = FALSE
	EndGlobalSection
	GlobalSection(ExtensibilityGlobals) = postSolution
		SolutionGuid = {60159E07-DC20-4776-ABA8-BD1BEB7209C1}
	EndGlobalSection
EndGlobal
